# This file is autogenerated, do not edit; changes may be undone by the next 'dep ensure'.


[[projects]]
  branch = "master"
  digest = "1:3b782454a29e422b2e15c76ab6c59fdfe2e870e4587e89885af88bc67e03a9df"
  name = "github.com/augustoroman/v8"
  packages = [
    ".",
    "v8console",
  ]
  pruneopts = "UT"
  revision = "ba08a518420f19b3c2829438394e418651409d1c"

[[projects]]
  digest = "1:7b5c6e2eeaa9ae5907c391a91c132abfd5c9e8a784a341b5625e750c67e6825d"
  name = "github.com/gorilla/websocket"
  packages = ["."]
  pruneopts = "UT"
  revision = "66b9c49e59c6c48f0ffce28c2d8b8a5678502c6d"
  version = "v1.4.0"

[[projects]]
  branch = "master"
  digest = "1:73405a734b6495d7ff09ff24a86633b56bc13917ea9adef16f3d8cccaea176c2"
  name = "github.com/koding/websocketproxy"
  packages = ["."]
  pruneopts = "UT"
  revision = "0fa3f994f6e724d94f7299587cee4ba089152c9d"

[solve-meta]
  analyzer-name = "dep"
  analyzer-version = 1
  input-imports = [
    "github.com/augustoroman/v8",
    "github.com/augustoroman/v8/v8console",
    "github.com/koding/websocketproxy",
  ]
  solver-name = "gps-cdcl"
  solver-version = 1
